
Microsoft Visual Studio Solution File, Format Version 12.00
# Visual Studio Version 17
VisualStudioVersion = 17.1.32319.34
MinimumVisualStudioVersion = 10.0.40219.1
Project("{FAE04EC0-301F-11D3-BF4B-00C04F79EFBC}") = "ClubedaLeitura2.0.ConsoleApp", "ClubedaLeitura2.0.ConsoleApp\ClubedaLeitura2.0.ConsoleApp.csproj", "{068689E8-C6A7-4B3D-A820-B7C0FE21A116}"
EndProject
Global
	GlobalSection(SolutionConfigurationPlatforms) = preSolution
		Debug|Any CPU = Debug|Any CPU
		Release|Any CPU = Release|Any CPU
	EndGlobalSection
	GlobalSection(ProjectConfigurationPlatforms) = postSolution
		{068689E8-C6A7-4B3D-A820-B7C0FE21A116}.Debug|Any CPU.ActiveCfg = Debug|Any CPU
		{068689E8-C6A7-4B3D-A820-B7C0FE21A116}.Debug|Any CPU.Build.0 = Debug|Any CPU
		{068689E8-C6A7-4B3D-A820-B7C0FE21A116}.Release|Any CPU.ActiveCfg = Release|Any CPU
		{068689E8-C6A7-4B3D-A820-B7C0FE21A116}.Release|Any CPU.Build.0 = Release|Any CPU
	EndGlobalSection
	GlobalSection(SolutionProperties) = preSolution
		HideSolutionNode = FALSE
	EndGlobalSection
	GlobalSection(ExtensibilityGlobals) = postSolution
		SolutionGuid = {DE998809-CFEB-4C30-B0B5-D81781EAFDAD}
	EndGlobalSection
EndGlobal
